<?xml version="1.0" encoding="utf-8"?>
<Project ToolsVersion="4.0" xmlns="http://schemas.microsoft.com/developer/msbuild/2003">
  <ItemGroup>
    <Filter Include="Source Files">
      <UniqueIdentifier>{4FC737F1-C7A5-4376-A066-2A32D752A2FF}</UniqueIdentifier>
      <Extensions>cpp;c;cxx;def;odl;idl;hpj;bat;asm;asmx</Extensions>
    </Filter>
    <Filter Include="Resource Files">
      <UniqueIdentifier>{67DA6AB6-F800-4c08-8B7A-83BB121AAD01}</UniqueIdentifier>
      <Extensions>rc;ico;cur;bmp;dlg;rc2;rct;bin;rgs;gif;jpg;jpeg;jpe;resx</Extensions>
    </Filter>
    <Filter Include="mhook">
      <UniqueIdentifier>{38002c5b-c421-4ecd-a310-fffe2126dd41}</UniqueIdentifier>
    </Filter>
    <Filter Include="tdisasm">
      <UniqueIdentifier>{ef94d408-0150-468f-94ad-a3580e691129}</UniqueIdentifier>
    </Filter>
  </ItemGroup>
  <ItemGroup>
    <ClCompile Include="audio_resample.cpp">
      <Filter>Source Files</Filter>
    </ClCompile>
    <ClCompile Include="avi_videoencoder_dshow.cpp">
      <Filter>Source Files</Filter>
    </ClCompile>
    <ClCompile Include="avi_videoencoder_vfw.cpp">
      <Filter>Source Files</Filter>
    </ClCompile>
    <ClCompile Include="bmp_videoencoder.cpp">
      <Filter>Source Files</Filter>
    </ClCompile>
    <ClCompile Include="intercept.cpp">
      <Filter>Source Files</Filter>
    </ClCompile>
    <ClCompile Include="main.cpp">
      <Filter>Source Files</Filter>
    </ClCompile>
    <ClCompile Include="mt_proxy_videoencoder.cpp">
      <Filter>Source Files</Filter>
    </ClCompile>
    <ClCompile Include="sound.cpp">
      <Filter>Source Files</Filter>
    </ClCompile>
    <ClCompile Include="stdafx.cpp">
      <Filter>Source Files</Filter>
    </ClCompile>
    <ClCompile Include="timing.cpp">
      <Filter>Source Files</Filter>
    </ClCompile>
    <ClCompile Include="util.cpp">
      <Filter>Source Files</Filter>
    </ClCompile>
    <ClCompile Include="video.cpp">
      <Filter>Source Files</Filter>
    </ClCompile>
    <ClCompile Include="video_direct3d10.cpp">
      <Filter>Source Files</Filter>
    </ClCompile>
    <ClCompile Include="video_direct3d8.cpp">
      <Filter>Source Files</Filter>
    </ClCompile>
    <ClCompile Include="video_direct3d9.cpp">
      <Filter>Source Files</Filter>
    </ClCompile>
    <ClCompile Include="video_directdraw.cpp">
      <Filter>Source Files</Filter>
    </ClCompile>
    <ClCompile Include="video_gdi.cpp">
      <Filter>Source Files</Filter>
    </ClCompile>
    <ClCompile Include="video_opengl.cpp">
      <Filter>Source Files</Filter>
    </ClCompile>
    <ClCompile Include="videoencoder.cpp">
      <Filter>Source Files</Filter>
    </ClCompile>
    <ClCompile Include="mhook-lib\mhook.cpp">
      <Filter>mhook</Filter>
    </ClCompile>
    <ClCompile Include="disasm-lib\cpu.c">
      <Filter>tdisasm</Filter>
    </ClCompile>
    <ClCompile Include="disasm-lib\disasm.c">
      <Filter>tdisasm</Filter>
    </ClCompile>
    <ClCompile Include="disasm-lib\disasm_x86.c">
      <Filter>tdisasm</Filter>
    </ClCompile>
    <ClCompile Include="disasm-lib\misc.c">
      <Filter>tdisasm</Filter>
    </ClCompile>
  </ItemGroup>
  <ItemGroup>
    <ClInclude Include="audio_resample.h">
      <Filter>Source Files</Filter>
    </ClInclude>
    <ClInclude Include="avi_videoencoder_dshow.h">
      <Filter>Source Files</Filter>
    </ClInclude>
    <ClInclude Include="avi_videoencoder_vfw.h">
      <Filter>Source Files</Filter>
    </ClInclude>
    <ClInclude Include="bmp_videoencoder.h">
      <Filter>Source Files</Filter>
    </ClInclude>
    <ClInclude Include="intercept.h">
      <Filter>Source Files</Filter>
    </ClInclude>
    <ClInclude Include="main.h">
      <Filter>Source Files</Filter>
    </ClInclude>
    <ClInclude Include="mt_proxy_videoencoder.h">
      <Filter>Source Files</Filter>
    </ClInclude>
    <ClInclude Include="sound.h">
      <Filter>Source Files</Filter>
    </ClInclude>
    <ClInclude Include="stdafx.h">
      <Filter>Source Files</Filter>
    </ClInclude>
    <ClInclude Include="timing.h">
      <Filter>Source Files</Filter>
    </ClInclude>
    <ClInclude Include="util.h">
      <Filter>Source Files</Filter>
    </ClInclude>
    <ClInclude Include="video.h">
      <Filter>Source Files</Filter>
    </ClInclude>
    <ClInclude Include="videocapturetimer.h">
      <Filter>Source Files</Filter>
    </ClInclude>
    <ClInclude Include="videoencoder.h">
      <Filter>Source Files</Filter>
    </ClInclude>
    <ClInclude Include="mhook-lib\mhook.h">
      <Filter>mhook</Filter>
    </ClInclude>
    <ClInclude Include="disasm-lib\cpu.h">
      <Filter>tdisasm</Filter>
    </ClInclude>
    <ClInclude Include="disasm-lib\disasm.h">
      <Filter>tdisasm</Filter>
    </ClInclude>
    <ClInclude Include="disasm-lib\disasm_x86.h">
      <Filter>tdisasm</Filter>
    </ClInclude>
    <ClInclude Include="disasm-lib\disasm_x86_tables.h">
      <Filter>tdisasm</Filter>
    </ClInclude>
    <ClInclude Include="disasm-lib\misc.h">
      <Filter>tdisasm</Filter>
    </ClInclude>
  </ItemGroup>
</Project>